
Microsoft Visual Studio Solution File, Format Version 12.00
# Visual Studio 15
VisualStudioVersion = 15.0.27703.2026
MinimumVisualStudioVersion = 10.0.40219.1
Project("{FAE04EC0-301F-11D3-BF4B-00C04F79EFBC}") = "SeRanking", "SeRanking.csproj", "{B547048F-9A2F-4BCC-81F7-8A3624E03ADE}"
EndProject
Global
	GlobalSection(SolutionConfigurationPlatforms) = preSolution
		Debug|Any CPU = Debug|Any CPU
		Release|Any CPU = Release|Any CPU
	EndGlobalSection
	GlobalSection(ProjectConfigurationPlatforms) = postSolution
		{B547048F-9A2F-4BCC-81F7-8A3624E03ADE}.Debug|Any CPU.ActiveCfg = Debug|Any CPU
		{B547048F-9A2F-4BCC-81F7-8A3624E03ADE}.Debug|Any CPU.Build.0 = Debug|Any CPU
		{B547048F-9A2F-4BCC-81F7-8A3624E03ADE}.Release|Any CPU.ActiveCfg = Release|Any CPU
		{B547048F-9A2F-4BCC-81F7-8A3624E03ADE}.Release|Any CPU.Build.0 = Release|Any CPU
	EndGlobalSection
	GlobalSection(SolutionProperties) = preSolution
		HideSolutionNode = FALSE
	EndGlobalSection
	GlobalSection(ExtensibilityGlobals) = postSolution
		SolutionGuid = {B694DD88-AD66-4E70-B491-1C1EDD0ED118}
	EndGlobalSection
EndGlobal
